{
  "lockfileVersion": 2,
  "configVersion": 1,
  "workspaces": {
    "": {
      "name": "trianglify",
      "dependencies": {
        "chroma-js": "^3.2.0",
        "delaunator": "^5.1.0",
      },
    },
  },
  "packages": {
    "chroma-js": ["chroma-js@3.2.0", "", {}, "sha512-os/OippSlX1RlWWr+QDPcGUZs0uoqr32urfxESG9U93lhUfbnlyckte84Q8P1UQY/qth983AS1JONKmLS4T0nw=="],

    "delaunator": ["delaunator@5.1.0", "", { "dependencies": { "robust-predicates": "^3.0.2" } }, "sha512-AGrQ4QSgssa1NGmWmLPqN5NY2KajF5MqxetNEO+o0n3ZwZZeTmt7bBnvzHWrmkZFxGgr4HdyFgelzgi06otLuQ=="],

    "robust-predicates": ["robust-predicates@3.0.3", "", {}, "sha512-NS3levdsRIUOmiJ8FZWCP7LG3QpJyrs/TE0Zpf1yvZu8cAJJ6QMW92H1c7kWpdIHo8RvmLxN/o2JXTKHp74lUA=="],
  }
}
